
Microsoft Visual Studio Solution File, Format Version 12.00
# Visual Studio 15
VisualStudioVersion = 15.0.27703.2042
MinimumVisualStudioVersion = 10.0.40219.1
Project("{FAE04EC0-301F-11D3-BF4B-00C04F79EFBC}") = "AgendaX", "AgendaX\AgendaX.csproj", "{51A24A6E-753B-4B59-B8AA-95C800F26A93}"
EndProject
Project("{54435603-DBB4-11D2-8724-00A0C9A8B90C}") = "AgendaX Setup", "AgendaX Setup\AgendaX Setup.vdproj", "{09408D97-AEF9-44F9-9587-FE16AD7E5909}"
EndProject
Global
	GlobalSection(SolutionConfigurationPlatforms) = preSolution
		Debug|Any CPU = Debug|Any CPU
		Release|Any CPU = Release|Any CPU
	EndGlobalSection
	GlobalSection(ProjectConfigurationPlatforms) = postSolution
		{51A24A6E-753B-4B59-B8AA-95C800F26A93}.Debug|Any CPU.ActiveCfg = Debug|Any CPU
		{51A24A6E-753B-4B59-B8AA-95C800F26A93}.Debug|Any CPU.Build.0 = Debug|Any CPU
		{51A24A6E-753B-4B59-B8AA-95C800F26A93}.Release|Any CPU.ActiveCfg = Release|Any CPU
		{51A24A6E-753B-4B59-B8AA-95C800F26A93}.Release|Any CPU.Build.0 = Release|Any CPU
		{09408D97-AEF9-44F9-9587-FE16AD7E5909}.Debug|Any CPU.ActiveCfg = Debug
		{09408D97-AEF9-44F9-9587-FE16AD7E5909}.Release|Any CPU.ActiveCfg = Release
	EndGlobalSection
	GlobalSection(SolutionProperties) = preSolution
		HideSolutionNode = FALSE
	EndGlobalSection
	GlobalSection(ExtensibilityGlobals) = postSolution
		SolutionGuid = {2933CE08-2954-4AD8-94BD-9A33C89802FE}
	EndGlobalSection
EndGlobal
